
Microsoft Visual Studio Solution File, Format Version 12.00
# Visual Studio Version 17
VisualStudioVersion = 17.4.33205.214
MinimumVisualStudioVersion = 10.0.40219.1
Project("{9A19103F-16F7-4668-BE54-9A1E7A4F7556}") = "ConsoleApp2", "ConsoleApp2\ConsoleApp2.csproj", "{1A96EF73-E541-4F95-9459-89FB3BE962FB}"
EndProject
Project("{9A19103F-16F7-4668-BE54-9A1E7A4F7556}") = "Array-List", "Array-List\Array-List.csproj", "{D8A7CA9E-ACDB-4ACD-A305-09331B241AC1}"
EndProject
Project("{9A19103F-16F7-4668-BE54-9A1E7A4F7556}") = "Assignment 1", "Assignment 1\Assignment 1.csproj", "{083361C8-5119-4F3C-9A31-1F1128D91264}"
EndProject
Project("{9A19103F-16F7-4668-BE54-9A1E7A4F7556}") = "Assignment 2", "Assignment 2\Assignment 2.csproj", "{5343AC87-3152-450F-AA12-40CAD9224683}"
EndProject
Project("{9A19103F-16F7-4668-BE54-9A1E7A4F7556}") = "Basic syntax", "Basic syntax\Basic syntax.csproj", "{3C217714-9A17-4641-9D1E-A0ED93FAD010}"
EndProject
Project("{9A19103F-16F7-4668-BE54-9A1E7A4F7556}") = "Date Functionality", "Date Functionality\Date Functionality.csproj", "{54EEC946-5C0F-48C1-9B3E-BC151FD76EA6}"
EndProject
Project("{9A19103F-16F7-4668-BE54-9A1E7A4F7556}") = "Exceptional handling", "Exceptional handling\Exceptional handling.csproj", "{27114E4A-9330-4DF2-8029-27721803C325}"
EndProject
Project("{9A19103F-16F7-4668-BE54-9A1E7A4F7556}") = "Mathamatical Operators", "Mathamatical Operators\Mathamatical Operators.csproj", "{BC7CE53A-44F2-4EA5-AB0E-DB260B735CE1}"
EndProject
Project("{9A19103F-16F7-4668-BE54-9A1E7A4F7556}") = "Conditinal Operators", "Conditinal Operators\Conditinal Operators.csproj", "{E1702940-16EE-449B-9BD7-A9FCAE04834F}"
EndProject
Project("{9A19103F-16F7-4668-BE54-9A1E7A4F7556}") = "Repetions", "Repetions\Repetions.csproj", "{AB045038-4AF8-4365-B2BD-D63689F43CE6}"
EndProject
Project("{9A19103F-16F7-4668-BE54-9A1E7A4F7556}") = "Methods", "Methods\Methods.csproj", "{FAF382B9-DA99-44DE-88FC-409B909D06BD}"
EndProject
Project("{9A19103F-16F7-4668-BE54-9A1E7A4F7556}") = "OOPS concept", "OOPS concept\OOPS concept.csproj", "{821972A3-C5DC-4D2B-BB03-E6F4523B6A44}"
EndProject
Project("{9A19103F-16F7-4668-BE54-9A1E7A4F7556}") = "Assignment3", "Assignment3\Assignment3.csproj", "{8DBC41BC-AAD4-47F2-A035-7BD1D6E4B4AD}"
EndProject
Project("{9A19103F-16F7-4668-BE54-9A1E7A4F7556}") = "ShopingCart", "ShopingCart\ShopingCart.csproj", "{BBEE0A82-71E2-499A-BBC0-464EF9D5A236}"
EndProject
Project("{9A19103F-16F7-4668-BE54-9A1E7A4F7556}") = "FrenchDeckCards", "FrenchDeckCards\FrenchDeckCards.csproj", "{922CA414-EDD8-4D3E-B49C-9525AB040368}"
EndProject
Project("{9A19103F-16F7-4668-BE54-9A1E7A4F7556}") = "AssignmentDay5", "AssignmentDay5\AssignmentDay5.csproj", "{6305A2B8-5728-4672-A35B-0AF7DCE0A1AE}"
EndProject
Project("{FAE04EC0-301F-11D3-BF4B-00C04F79EFBC}") = "assignment6", "assignment6\assignment6.csproj", "{5695C366-24F0-4466-81AA-5918696E395C}"
EndProject
Global
	GlobalSection(SolutionConfigurationPlatforms) = preSolution
		Debug|Any CPU = Debug|Any CPU
		Release|Any CPU = Release|Any CPU
	EndGlobalSection
	GlobalSection(ProjectConfigurationPlatforms) = postSolution
		{1A96EF73-E541-4F95-9459-89FB3BE962FB}.Debug|Any CPU.ActiveCfg = Debug|Any CPU
		{1A96EF73-E541-4F95-9459-89FB3BE962FB}.Debug|Any CPU.Build.0 = Debug|Any CPU
		{1A96EF73-E541-4F95-9459-89FB3BE962FB}.Release|Any CPU.ActiveCfg = Release|Any CPU
		{1A96EF73-E541-4F95-9459-89FB3BE962FB}.Release|Any CPU.Build.0 = Release|Any CPU
		{D8A7CA9E-ACDB-4ACD-A305-09331B241AC1}.Debug|Any CPU.ActiveCfg = Debug|Any CPU
		{D8A7CA9E-ACDB-4ACD-A305-09331B241AC1}.Debug|Any CPU.Build.0 = Debug|Any CPU
		{D8A7CA9E-ACDB-4ACD-A305-09331B241AC1}.Release|Any CPU.ActiveCfg = Release|Any CPU
		{D8A7CA9E-ACDB-4ACD-A305-09331B241AC1}.Release|Any CPU.Build.0 = Release|Any CPU
		{083361C8-5119-4F3C-9A31-1F1128D91264}.Debug|Any CPU.ActiveCfg = Debug|Any CPU
		{083361C8-5119-4F3C-9A31-1F1128D91264}.Debug|Any CPU.Build.0 = Debug|Any CPU
		{083361C8-5119-4F3C-9A31-1F1128D91264}.Release|Any CPU.ActiveCfg = Release|Any CPU
		{083361C8-5119-4F3C-9A31-1F1128D91264}.Release|Any CPU.Build.0 = Release|Any CPU
		{5343AC87-3152-450F-AA12-40CAD9224683}.Debug|Any CPU.ActiveCfg = Debug|Any CPU
		{5343AC87-3152-450F-AA12-40CAD9224683}.Debug|Any CPU.Build.0 = Debug|Any CPU
		{5343AC87-3152-450F-AA12-40CAD9224683}.Release|Any CPU.ActiveCfg = Release|Any CPU
		{5343AC87-3152-450F-AA12-40CAD9224683}.Release|Any CPU.Build.0 = Release|Any CPU
		{3C217714-9A17-4641-9D1E-A0ED93FAD010}.Debug|Any CPU.ActiveCfg = Debug|Any CPU
		{3C217714-9A17-4641-9D1E-A0ED93FAD010}.Debug|Any CPU.Build.0 = Debug|Any CPU
		{3C217714-9A17-4641-9D1E-A0ED93FAD010}.Release|Any CPU.ActiveCfg = Release|Any CPU
		{3C217714-9A17-4641-9D1E-A0ED93FAD010}.Release|Any CPU.Build.0 = Release|Any CPU
		{54EEC946-5C0F-48C1-9B3E-BC151FD76EA6}.Debug|Any CPU.ActiveCfg = Debug|Any CPU
		{54EEC946-5C0F-48C1-9B3E-BC151FD76EA6}.Debug|Any CPU.Build.0 = Debug|Any CPU
		{54EEC946-5C0F-48C1-9B3E-BC151FD76EA6}.Release|Any CPU.ActiveCfg = Release|Any CPU
		{54EEC946-5C0F-48C1-9B3E-BC151FD76EA6}.Release|Any CPU.Build.0 = Release|Any CPU
		{27114E4A-9330-4DF2-8029-27721803C325}.Debug|Any CPU.ActiveCfg = Debug|Any CPU
		{27114E4A-9330-4DF2-8029-27721803C325}.Debug|Any CPU.Build.0 = Debug|Any CPU
		{27114E4A-9330-4DF2-8029-27721803C325}.Release|Any CPU.ActiveCfg = Release|Any CPU
		{27114E4A-9330-4DF2-8029-27721803C325}.Release|Any CPU.Build.0 = Release|Any CPU
		{BC7CE53A-44F2-4EA5-AB0E-DB260B735CE1}.Debug|Any CPU.ActiveCfg = Debug|Any CPU
		{BC7CE53A-44F2-4EA5-AB0E-DB260B735CE1}.Debug|Any CPU.Build.0 = Debug|Any CPU
		{BC7CE53A-44F2-4EA5-AB0E-DB260B735CE1}.Release|Any CPU.ActiveCfg = Release|Any CPU
		{BC7CE53A-44F2-4EA5-AB0E-DB260B735CE1}.Release|Any CPU.Build.0 = Release|Any CPU
		{E1702940-16EE-449B-9BD7-A9FCAE04834F}.Debug|Any CPU.ActiveCfg = Debug|Any CPU
		{E1702940-16EE-449B-9BD7-A9FCAE04834F}.Debug|Any CPU.Build.0 = Debug|Any CPU
		{E1702940-16EE-449B-9BD7-A9FCAE04834F}.Release|Any CPU.ActiveCfg = Release|Any CPU
		{E1702940-16EE-449B-9BD7-A9FCAE04834F}.Release|Any CPU.Build.0 = Release|Any CPU
		{AB045038-4AF8-4365-B2BD-D63689F43CE6}.Debug|Any CPU.ActiveCfg = Debug|Any CPU
		{AB045038-4AF8-4365-B2BD-D63689F43CE6}.Debug|Any CPU.Build.0 = Debug|Any CPU
		{AB045038-4AF8-4365-B2BD-D63689F43CE6}.Release|Any CPU.ActiveCfg = Release|Any CPU
		{AB045038-4AF8-4365-B2BD-D63689F43CE6}.Release|Any CPU.Build.0 = Release|Any CPU
		{FAF382B9-DA99-44DE-88FC-409B909D06BD}.Debug|Any CPU.ActiveCfg = Debug|Any CPU
		{FAF382B9-DA99-44DE-88FC-409B909D06BD}.Debug|Any CPU.Build.0 = Debug|Any CPU
		{FAF382B9-DA99-44DE-88FC-409B909D06BD}.Release|Any CPU.ActiveCfg = Release|Any CPU
		{FAF382B9-DA99-44DE-88FC-409B909D06BD}.Release|Any CPU.Build.0 = Release|Any CPU
		{821972A3-C5DC-4D2B-BB03-E6F4523B6A44}.Debug|Any CPU.ActiveCfg = Debug|Any CPU
		{821972A3-C5DC-4D2B-BB03-E6F4523B6A44}.Debug|Any CPU.Build.0 = Debug|Any CPU
		{821972A3-C5DC-4D2B-BB03-E6F4523B6A44}.Release|Any CPU.ActiveCfg = Release|Any CPU
		{821972A3-C5DC-4D2B-BB03-E6F4523B6A44}.Release|Any CPU.Build.0 = Release|Any CPU
		{8DBC41BC-AAD4-47F2-A035-7BD1D6E4B4AD}.Debug|Any CPU.ActiveCfg = Debug|Any CPU
		{8DBC41BC-AAD4-47F2-A035-7BD1D6E4B4AD}.Debug|Any CPU.Build.0 = Debug|Any CPU
		{8DBC41BC-AAD4-47F2-A035-7BD1D6E4B4AD}.Release|Any CPU.ActiveCfg = Release|Any CPU
		{8DBC41BC-AAD4-47F2-A035-7BD1D6E4B4AD}.Release|Any CPU.Build.0 = Release|Any CPU
		{BBEE0A82-71E2-499A-BBC0-464EF9D5A236}.Debug|Any CPU.ActiveCfg = Debug|Any CPU
		{BBEE0A82-71E2-499A-BBC0-464EF9D5A236}.Debug|Any CPU.Build.0 = Debug|Any CPU
		{BBEE0A82-71E2-499A-BBC0-464EF9D5A236}.Release|Any CPU.ActiveCfg = Release|Any CPU
		{BBEE0A82-71E2-499A-BBC0-464EF9D5A236}.Release|Any CPU.Build.0 = Release|Any CPU
		{922CA414-EDD8-4D3E-B49C-9525AB040368}.Debug|Any CPU.ActiveCfg = Debug|Any CPU
		{922CA414-EDD8-4D3E-B49C-9525AB040368}.Debug|Any CPU.Build.0 = Debug|Any CPU
		{922CA414-EDD8-4D3E-B49C-9525AB040368}.Release|Any CPU.ActiveCfg = Release|Any CPU
		{922CA414-EDD8-4D3E-B49C-9525AB040368}.Release|Any CPU.Build.0 = Release|Any CPU
		{6305A2B8-5728-4672-A35B-0AF7DCE0A1AE}.Debug|Any CPU.ActiveCfg = Debug|Any CPU
		{6305A2B8-5728-4672-A35B-0AF7DCE0A1AE}.Debug|Any CPU.Build.0 = Debug|Any CPU
		{6305A2B8-5728-4672-A35B-0AF7DCE0A1AE}.Release|Any CPU.ActiveCfg = Release|Any CPU
		{6305A2B8-5728-4672-A35B-0AF7DCE0A1AE}.Release|Any CPU.Build.0 = Release|Any CPU
		{5695C366-24F0-4466-81AA-5918696E395C}.Debug|Any CPU.ActiveCfg = Debug|Any CPU
		{5695C366-24F0-4466-81AA-5918696E395C}.Debug|Any CPU.Build.0 = Debug|Any CPU
		{5695C366-24F0-4466-81AA-5918696E395C}.Release|Any CPU.ActiveCfg = Release|Any CPU
		{5695C366-24F0-4466-81AA-5918696E395C}.Release|Any CPU.Build.0 = Release|Any CPU
	EndGlobalSection
	GlobalSection(SolutionProperties) = preSolution
		HideSolutionNode = FALSE
	EndGlobalSection
	GlobalSection(ExtensibilityGlobals) = postSolution
		SolutionGuid = {E1968BE7-5F7B-4EBF-A5C6-E1EB436E6671}
	EndGlobalSection
EndGlobal
